{
  "version": 4,
  "terraform_version": "1.5.7",
  "serial": 12,
  "lineage": "b78fe59a-149b-b465-9b1a-67a6db949d84",
  "outputs": {
    "hub_vnet_id": {
      "value": "/subscriptions/fe797b99-c79d-4fe3-baa0-091bacc96c3a/resourceGroups/rg-hub-spoke-demo/providers/Microsoft.Network/virtualNetworks/vnet-hub",
      "type": "string"
    },
    "resource_group_name": {
      "value": "rg-hub-spoke-demo",
      "type": "string"
    },
    "spoke_vnet_ids": {
      "value": [
        "/subscriptions/fe797b99-c79d-4fe3-baa0-091bacc96c3a/resourceGroups/rg-hub-spoke-demo/providers/Microsoft.Network/virtualNetworks/vnet-spoke-1",
        "/subscriptions/fe797b99-c79d-4fe3-baa0-091bacc96c3a/resourceGroups/rg-hub-spoke-demo/providers/Microsoft.Network/virtualNetworks/vnet-spoke-2"
      ],
      "type": [
        "tuple",
        [
          "string",
          "string"
        ]
      ]
    }
  },
  "resources": [
    {
      "mode": "managed",
      "type": "azurerm_resource_group",
      "name": "rg",
      "provider": "provider[\"registry.terraform.io/hashicorp/azurerm\"]",
      "instances": [
        {
          "schema_version": 0,
          "attributes": {
            "id": "/subscriptions/fe797b99-c79d-4fe3-baa0-091bacc96c3a/resourceGroups/rg-hub-spoke-demo",
            "location": "westeurope",
            "managed_by": "",
            "name": "rg-hub-spoke-demo",
            "tags": {
              "environment": "demo"
            },
            "timeouts": null
          },
          "sensitive_attributes": [],
          "private": "eyJlMmJmYjczMC1lY2FhLTExZTYtOGY4OC0zNDM2M2JjN2M0YzAiOnsiY3JlYXRlIjo1NDAwMDAwMDAwMDAwLCJkZWxldGUiOjU0MDAwMDAwMDAwMDAsInJlYWQiOjMwMDAwMDAwMDAwMCwidXBkYXRlIjo1NDAwMDAwMDAwMDAwfX0="
        }
      ]
    },
    {
      "mode": "managed",
      "type": "azurerm_subnet",
      "name": "hub_subnet",
      "provider": "provider[\"registry.terraform.io/hashicorp/azurerm\"]",
      "instances": [
        {
          "schema_version": 0,
          "attributes": {
            "address_prefixes": [
              "10.0.1.0/24"
            ],
            "default_outbound_access_enabled": true,
            "delegation": [],
            "enforce_private_link_endpoint_network_policies": false,
            "enforce_private_link_service_network_policies": false,
            "id": "/subscriptions/fe797b99-c79d-4fe3-baa0-091bacc96c3a/resourceGroups/rg-hub-spoke-demo/providers/Microsoft.Network/virtualNetworks/vnet-hub/subnets/subnet-hub",
            "name": "subnet-hub",
            "private_endpoint_network_policies": "Enabled",
            "private_endpoint_network_policies_enabled": true,
            "private_link_service_network_policies_enabled": true,
            "resource_group_name": "rg-hub-spoke-demo",
            "service_endpoint_policy_ids": null,
            "service_endpoints": null,
            "timeouts": null,
            "virtual_network_name": "vnet-hub"
          },
          "sensitive_attributes": [],
          "private": "eyJlMmJmYjczMC1lY2FhLTExZTYtOGY4OC0zNDM2M2JjN2M0YzAiOnsiY3JlYXRlIjoxODAwMDAwMDAwMDAwLCJkZWxldGUiOjE4MDAwMDAwMDAwMDAsInJlYWQiOjMwMDAwMDAwMDAwMCwidXBkYXRlIjoxODAwMDAwMDAwMDAwfX0=",
          "dependencies": [
            "azurerm_resource_group.rg",
            "azurerm_virtual_network.hub"
          ]
        }
      ]
    },
    {
      "mode": "managed",
      "type": "azurerm_subnet",
      "name": "spoke_subnet",
      "provider": "provider[\"registry.terraform.io/hashicorp/azurerm\"]",
      "instances": [
        {
          "index_key": "vnet-spoke-1",
          "schema_version": 0,
          "attributes": {
            "address_prefixes": [
              "10.1.1.0/24"
            ],
            "default_outbound_access_enabled": true,
            "delegation": [],
            "enforce_private_link_endpoint_network_policies": false,
            "enforce_private_link_service_network_policies": false,
            "id": "/subscriptions/fe797b99-c79d-4fe3-baa0-091bacc96c3a/resourceGroups/rg-hub-spoke-demo/providers/Microsoft.Network/virtualNetworks/vnet-spoke-1/subnets/subnet-vnet-spoke-1",
            "name": "subnet-vnet-spoke-1",
            "private_endpoint_network_policies": "Enabled",
            "private_endpoint_network_policies_enabled": true,
            "private_link_service_network_policies_enabled": true,
            "resource_group_name": "rg-hub-spoke-demo",
            "service_endpoint_policy_ids": null,
            "service_endpoints": null,
            "timeouts": null,
            "virtual_network_name": "vnet-spoke-1"
          },
          "sensitive_attributes": [],
          "private": "eyJlMmJmYjczMC1lY2FhLTExZTYtOGY4OC0zNDM2M2JjN2M0YzAiOnsiY3JlYXRlIjoxODAwMDAwMDAwMDAwLCJkZWxldGUiOjE4MDAwMDAwMDAwMDAsInJlYWQiOjMwMDAwMDAwMDAwMCwidXBkYXRlIjoxODAwMDAwMDAwMDAwfX0=",
          "dependencies": [
            "azurerm_resource_group.rg",
            "azurerm_virtual_network.spoke"
          ]
        },
        {
          "index_key": "vnet-spoke-2",
          "schema_version": 0,
          "attributes": {
            "address_prefixes": [
              "10.2.1.0/24"
            ],
            "default_outbound_access_enabled": true,
            "delegation": [],
            "enforce_private_link_endpoint_network_policies": false,
            "enforce_private_link_service_network_policies": false,
            "id": "/subscriptions/fe797b99-c79d-4fe3-baa0-091bacc96c3a/resourceGroups/rg-hub-spoke-demo/providers/Microsoft.Network/virtualNetworks/vnet-spoke-2/subnets/subnet-vnet-spoke-2",
            "name": "subnet-vnet-spoke-2",
            "private_endpoint_network_policies": "Enabled",
            "private_endpoint_network_policies_enabled": true,
            "private_link_service_network_policies_enabled": true,
            "resource_group_name": "rg-hub-spoke-demo",
            "service_endpoint_policy_ids": null,
            "service_endpoints": null,
            "timeouts": null,
            "virtual_network_name": "vnet-spoke-2"
          },
          "sensitive_attributes": [],
          "private": "eyJlMmJmYjczMC1lY2FhLTExZTYtOGY4OC0zNDM2M2JjN2M0YzAiOnsiY3JlYXRlIjoxODAwMDAwMDAwMDAwLCJkZWxldGUiOjE4MDAwMDAwMDAwMDAsInJlYWQiOjMwMDAwMDAwMDAwMCwidXBkYXRlIjoxODAwMDAwMDAwMDAwfX0=",
          "dependencies": [
            "azurerm_resource_group.rg",
            "azurerm_virtual_network.spoke"
          ]
        }
      ]
    },
    {
      "mode": "managed",
      "type": "azurerm_virtual_network",
      "name": "hub",
      "provider": "provider[\"registry.terraform.io/hashicorp/azurerm\"]",
      "instances": [
        {
          "schema_version": 0,
          "attributes": {
            "address_space": [
              "10.0.0.0/16"
            ],
            "bgp_community": "",
            "ddos_protection_plan": [],
            "dns_servers": [],
            "edge_zone": "",
            "encryption": [],
            "flow_timeout_in_minutes": 0,
            "guid": "3fa82c1c-b94a-403a-bd80-ae19dc0f9387",
            "id": "/subscriptions/fe797b99-c79d-4fe3-baa0-091bacc96c3a/resourceGroups/rg-hub-spoke-demo/providers/Microsoft.Network/virtualNetworks/vnet-hub",
            "location": "westeurope",
            "name": "vnet-hub",
            "resource_group_name": "rg-hub-spoke-demo",
            "subnet": [],
            "tags": {
              "environment": "demo"
            },
            "timeouts": null
          },
          "sensitive_attributes": [],
          "private": "eyJlMmJmYjczMC1lY2FhLTExZTYtOGY4OC0zNDM2M2JjN2M0YzAiOnsiY3JlYXRlIjoxODAwMDAwMDAwMDAwLCJkZWxldGUiOjE4MDAwMDAwMDAwMDAsInJlYWQiOjMwMDAwMDAwMDAwMCwidXBkYXRlIjoxODAwMDAwMDAwMDAwfX0=",
          "dependencies": [
            "azurerm_resource_group.rg"
          ]
        }
      ]
    },
    {
      "mode": "managed",
      "type": "azurerm_virtual_network",
      "name": "spoke",
      "provider": "provider[\"registry.terraform.io/hashicorp/azurerm\"]",
      "instances": [
        {
          "index_key": "vnet-spoke-1",
          "schema_version": 0,
          "attributes": {
            "address_space": [
              "10.1.0.0/16"
            ],
            "bgp_community": "",
            "ddos_protection_plan": [],
            "dns_servers": [],
            "edge_zone": "",
            "encryption": [],
            "flow_timeout_in_minutes": 0,
            "guid": "a3567e6e-294d-4485-8287-d7a387f27ae2",
            "id": "/subscriptions/fe797b99-c79d-4fe3-baa0-091bacc96c3a/resourceGroups/rg-hub-spoke-demo/providers/Microsoft.Network/virtualNetworks/vnet-spoke-1",
            "location": "westeurope",
            "name": "vnet-spoke-1",
            "resource_group_name": "rg-hub-spoke-demo",
            "subnet": [],
            "tags": {
              "environment": "demo"
            },
            "timeouts": null
          },
          "sensitive_attributes": [],
          "private": "eyJlMmJmYjczMC1lY2FhLTExZTYtOGY4OC0zNDM2M2JjN2M0YzAiOnsiY3JlYXRlIjoxODAwMDAwMDAwMDAwLCJkZWxldGUiOjE4MDAwMDAwMDAwMDAsInJlYWQiOjMwMDAwMDAwMDAwMCwidXBkYXRlIjoxODAwMDAwMDAwMDAwfX0=",
          "dependencies": [
            "azurerm_resource_group.rg"
          ]
        },
        {
          "index_key": "vnet-spoke-2",
          "schema_version": 0,
          "attributes": {
            "address_space": [
              "10.2.0.0/16"
            ],
            "bgp_community": "",
            "ddos_protection_plan": [],
            "dns_servers": [],
            "edge_zone": "",
            "encryption": [],
            "flow_timeout_in_minutes": 0,
            "guid": "bb337643-8937-49a6-a13f-c89358df4984",
            "id": "/subscriptions/fe797b99-c79d-4fe3-baa0-091bacc96c3a/resourceGroups/rg-hub-spoke-demo/providers/Microsoft.Network/virtualNetworks/vnet-spoke-2",
            "location": "westeurope",
            "name": "vnet-spoke-2",
            "resource_group_name": "rg-hub-spoke-demo",
            "subnet": [],
            "tags": {
              "environment": "demo"
            },
            "timeouts": null
          },
          "sensitive_attributes": [],
          "private": "eyJlMmJmYjczMC1lY2FhLTExZTYtOGY4OC0zNDM2M2JjN2M0YzAiOnsiY3JlYXRlIjoxODAwMDAwMDAwMDAwLCJkZWxldGUiOjE4MDAwMDAwMDAwMDAsInJlYWQiOjMwMDAwMDAwMDAwMCwidXBkYXRlIjoxODAwMDAwMDAwMDAwfX0=",
          "dependencies": [
            "azurerm_resource_group.rg"
          ]
        }
      ]
    },
    {
      "mode": "managed",
      "type": "azurerm_virtual_network_peering",
      "name": "hub_to_spoke",
      "provider": "provider[\"registry.terraform.io/hashicorp/azurerm\"]",
      "instances": [
        {
          "index_key": "vnet-spoke-1",
          "schema_version": 0,
          "attributes": {
            "allow_forwarded_traffic": true,
            "allow_gateway_transit": false,
            "allow_virtual_network_access": true,
            "id": "/subscriptions/fe797b99-c79d-4fe3-baa0-091bacc96c3a/resourceGroups/rg-hub-spoke-demo/providers/Microsoft.Network/virtualNetworks/vnet-hub/virtualNetworkPeerings/peer-hub-to-vnet-spoke-1",
            "local_subnet_names": null,
            "name": "peer-hub-to-vnet-spoke-1",
            "only_ipv6_peering_enabled": false,
            "peer_complete_virtual_networks_enabled": true,
            "remote_subnet_names": null,
            "remote_virtual_network_id": "/subscriptions/fe797b99-c79d-4fe3-baa0-091bacc96c3a/resourceGroups/rg-hub-spoke-demo/providers/Microsoft.Network/virtualNetworks/vnet-spoke-1",
            "resource_group_name": "rg-hub-spoke-demo",
            "timeouts": null,
            "triggers": null,
            "use_remote_gateways": false,
            "virtual_network_name": "vnet-hub"
          },
          "sensitive_attributes": [],
          "private": "eyJlMmJmYjczMC1lY2FhLTExZTYtOGY4OC0zNDM2M2JjN2M0YzAiOnsiY3JlYXRlIjoxODAwMDAwMDAwMDAwLCJkZWxldGUiOjE4MDAwMDAwMDAwMDAsInJlYWQiOjMwMDAwMDAwMDAwMCwidXBkYXRlIjoxODAwMDAwMDAwMDAwfX0=",
          "dependencies": [
            "azurerm_resource_group.rg",
            "azurerm_virtual_network.hub",
            "azurerm_virtual_network.spoke"
          ]
        },
        {
          "index_key": "vnet-spoke-2",
          "schema_version": 0,
          "attributes": {
            "allow_forwarded_traffic": true,
            "allow_gateway_transit": false,
            "allow_virtual_network_access": true,
            "id": "/subscriptions/fe797b99-c79d-4fe3-baa0-091bacc96c3a/resourceGroups/rg-hub-spoke-demo/providers/Microsoft.Network/virtualNetworks/vnet-hub/virtualNetworkPeerings/peer-hub-to-vnet-spoke-2",
            "local_subnet_names": null,
            "name": "peer-hub-to-vnet-spoke-2",
            "only_ipv6_peering_enabled": false,
            "peer_complete_virtual_networks_enabled": true,
            "remote_subnet_names": null,
            "remote_virtual_network_id": "/subscriptions/fe797b99-c79d-4fe3-baa0-091bacc96c3a/resourceGroups/rg-hub-spoke-demo/providers/Microsoft.Network/virtualNetworks/vnet-spoke-2",
            "resource_group_name": "rg-hub-spoke-demo",
            "timeouts": null,
            "triggers": null,
            "use_remote_gateways": false,
            "virtual_network_name": "vnet-hub"
          },
          "sensitive_attributes": [],
          "private": "eyJlMmJmYjczMC1lY2FhLTExZTYtOGY4OC0zNDM2M2JjN2M0YzAiOnsiY3JlYXRlIjoxODAwMDAwMDAwMDAwLCJkZWxldGUiOjE4MDAwMDAwMDAwMDAsInJlYWQiOjMwMDAwMDAwMDAwMCwidXBkYXRlIjoxODAwMDAwMDAwMDAwfX0=",
          "dependencies": [
            "azurerm_resource_group.rg",
            "azurerm_virtual_network.hub",
            "azurerm_virtual_network.spoke"
          ]
        }
      ]
    },
    {
      "mode": "managed",
      "type": "azurerm_virtual_network_peering",
      "name": "spoke_to_hub",
      "provider": "provider[\"registry.terraform.io/hashicorp/azurerm\"]",
      "instances": [
        {
          "index_key": "vnet-spoke-1",
          "schema_version": 0,
          "attributes": {
            "allow_forwarded_traffic": true,
            "allow_gateway_transit": false,
            "allow_virtual_network_access": true,
            "id": "/subscriptions/fe797b99-c79d-4fe3-baa0-091bacc96c3a/resourceGroups/rg-hub-spoke-demo/providers/Microsoft.Network/virtualNetworks/vnet-spoke-1/virtualNetworkPeerings/peer-vnet-spoke-1-to-hub",
            "local_subnet_names": null,
            "name": "peer-vnet-spoke-1-to-hub",
            "only_ipv6_peering_enabled": false,
            "peer_complete_virtual_networks_enabled": true,
            "remote_subnet_names": null,
            "remote_virtual_network_id": "/subscriptions/fe797b99-c79d-4fe3-baa0-091bacc96c3a/resourceGroups/rg-hub-spoke-demo/providers/Microsoft.Network/virtualNetworks/vnet-hub",
            "resource_group_name": "rg-hub-spoke-demo",
            "timeouts": null,
            "triggers": null,
            "use_remote_gateways": false,
            "virtual_network_name": "vnet-spoke-1"
          },
          "sensitive_attributes": [],
          "private": "eyJlMmJmYjczMC1lY2FhLTExZTYtOGY4OC0zNDM2M2JjN2M0YzAiOnsiY3JlYXRlIjoxODAwMDAwMDAwMDAwLCJkZWxldGUiOjE4MDAwMDAwMDAwMDAsInJlYWQiOjMwMDAwMDAwMDAwMCwidXBkYXRlIjoxODAwMDAwMDAwMDAwfX0=",
          "dependencies": [
            "azurerm_resource_group.rg",
            "azurerm_virtual_network.hub",
            "azurerm_virtual_network.spoke"
          ]
        },
        {
          "index_key": "vnet-spoke-2",
          "schema_version": 0,
          "attributes": {
            "allow_forwarded_traffic": true,
            "allow_gateway_transit": false,
            "allow_virtual_network_access": true,
            "id": "/subscriptions/fe797b99-c79d-4fe3-baa0-091bacc96c3a/resourceGroups/rg-hub-spoke-demo/providers/Microsoft.Network/virtualNetworks/vnet-spoke-2/virtualNetworkPeerings/peer-vnet-spoke-2-to-hub",
            "local_subnet_names": null,
            "name": "peer-vnet-spoke-2-to-hub",
            "only_ipv6_peering_enabled": false,
            "peer_complete_virtual_networks_enabled": true,
            "remote_subnet_names": null,
            "remote_virtual_network_id": "/subscriptions/fe797b99-c79d-4fe3-baa0-091bacc96c3a/resourceGroups/rg-hub-spoke-demo/providers/Microsoft.Network/virtualNetworks/vnet-hub",
            "resource_group_name": "rg-hub-spoke-demo",
            "timeouts": null,
            "triggers": null,
            "use_remote_gateways": false,
            "virtual_network_name": "vnet-spoke-2"
          },
          "sensitive_attributes": [],
          "private": "eyJlMmJmYjczMC1lY2FhLTExZTYtOGY4OC0zNDM2M2JjN2M0YzAiOnsiY3JlYXRlIjoxODAwMDAwMDAwMDAwLCJkZWxldGUiOjE4MDAwMDAwMDAwMDAsInJlYWQiOjMwMDAwMDAwMDAwMCwidXBkYXRlIjoxODAwMDAwMDAwMDAwfX0=",
          "dependencies": [
            "azurerm_resource_group.rg",
            "azurerm_virtual_network.hub",
            "azurerm_virtual_network.spoke"
          ]
        }
      ]
    }
  ],
  "check_results": null
}
